// !$*UTF8*$!
{
	archiveVersion = 1;
	classes = {
	};
	objectVersion = 50;
	objects = {

/* Begin PBXBuildFile section */
		520C8D232199A1D800483AD9 /* AppDelegate.swift in Sources */ = {isa = PBXBuildFile; fileRef = 520C8D222199A1D800483AD9 /* AppDelegate.swift */; };
		520C8D252199A1D800483AD9 /* ViewController.swift in Sources */ = {isa = PBXBuildFile; fileRef = 520C8D242199A1D800483AD9 /* ViewController.swift */; };
		520C8D282199A1D800483AD9 /* Main.storyboard in Resources */ = {isa = PBXBuildFile; fileRef = 520C8D262199A1D800483AD9 /* Main.storyboard */; };
		520C8D2A2199A1DA00483AD9 /* Assets.xcassets in Resources */ = {isa = PBXBuildFile; fileRef = 520C8D292199A1DA00483AD9 /* Assets.xcassets */; };
		520C8D2D2199A1DA00483AD9 /* LaunchScreen.storyboard in Resources */ = {isa = PBXBuildFile; fileRef = 520C8D2B2199A1DA00483AD9 /* LaunchScreen.storyboard */; };
		520C8D382199A1DA00483AD9 /* HecaTweTests.swift in Sources */ = {isa = PBXBuildFile; fileRef = 520C8D372199A1DA00483AD9 /* HecaTweTests.swift */; };
		520C8D432199A1DA00483AD9 /* HecaTweUITests.swift in Sources */ = {isa = PBXBuildFile; fileRef = 520C8D422199A1DA00483AD9 /* HecaTweUITests.swift */; };
/* End PBXBuildFile section */

/* Begin PBXContainerItemProxy section */
		520C8D342199A1DA00483AD9 /* PBXContainerItemProxy */ = {
			isa = PBXContainerItemProxy;
			containerPortal = 520C8D172199A1D800483AD9 /* Project object */;
			proxyType = 1;
			remoteGlobalIDString = 520C8D1E2199A1D800483AD9;
			remoteInfo = HecaTwe;
		};
		520C8D3F2199A1DA00483AD9 /* PBXContainerItemProxy */ = {
			isa = PBXContainerItemProxy;
			containerPortal = 520C8D172199A1D800483AD9 /* Project object */;
			proxyType = 1;
			remoteGlobalIDString = 520C8D1E2199A1D800483AD9;
			remoteInfo = HecaTwe;
		};
/* End PBXContainerItemProxy section */

/* Begin PBXFileReference section */
		520C8D1F2199A1D800483AD9 /* HecaTwe.app */ = {isa = PBXFileReference; explicitFileType = wrapper.application; includeInIndex = 0; path = HecaTwe.app; sourceTree = BUILT_PRODUCTS_DIR; };
		520C8D222199A1D800483AD9 /* AppDelegate.swift */ = {isa = PBXFileReference; lastKnownFileType = sourcecode.swift; path = AppDelegate.swift; sourceTree = "<group>"; };
		520C8D242199A1D800483AD9 /* ViewController.swift */ = {isa = PBXFileReference; lastKnownFileType = sourcecode.swift; path = ViewController.swift; sourceTree = "<group>"; };
		520C8D272199A1D800483AD9 /* Base */ = {isa = PBXFileReference; lastKnownFileType = file.storyboard; name = Base; path = Base.lproj/Main.storyboard; sourceTree = "<group>"; };
		520C8D292199A1DA00483AD9 /* Assets.xcassets */ = {isa = PBXFileReference; lastKnownFileType = folder.assetcatalog; path = Assets.xcassets; sourceTree = "<group>"; };
		520C8D2C2199A1DA00483AD9 /* Base */ = {isa = PBXFileReference; lastKnownFileType = file.storyboard; name = Base; path = Base.lproj/LaunchScreen.storyboard; sourceTree = "<group>"; };
		520C8D2E2199A1DA00483AD9 /* Info.plist */ = {isa = PBXFileReference; lastKnownFileType = text.plist.xml; path = Info.plist; sourceTree = "<group>"; };
		520C8D332199A1DA00483AD9 /* HecaTweTests.xctest */ = {isa = PBXFileReference; explicitFileType = wrapper.cfbundle; includeInIndex = 0; path = HecaTweTests.xctest; sourceTree = BUILT_PRODUCTS_DIR; };
		520C8D372199A1DA00483AD9 /* HecaTweTests.swift */ = {isa = PBXFileReference; lastKnownFileType = sourcecode.swift; path = HecaTweTests.swift; sourceTree = "<group>"; };
		520C8D392199A1DA00483AD9 /* Info.plist */ = {isa = PBXFileReference; lastKnownFileType = text.plist.xml; path = Info.plist; sourceTree = "<group>"; };
		520C8D3E2199A1DA00483AD9 /* HecaTweUITests.xctest */ = {isa = PBXFileReference; explicitFileType = wrapper.cfbundle; includeInIndex = 0; path = HecaTweUITests.xctest; sourceTree = BUILT_PRODUCTS_DIR; };
		520C8D422199A1DA00483AD9 /* HecaTweUITests.swift */ = {isa = PBXFileReference; lastKnownFileType = sourcecode.swift; path = HecaTweUITests.swift; sourceTree = "<group>"; };
		520C8D442199A1DA00483AD9 /* Info.plist */ = {isa = PBXFileReference; lastKnownFileType = text.plist.xml; path = Info.plist; sourceTree = "<group>"; };
/* End PBXFileReference section */

/* Begin PBXFrameworksBuildPhase section */
		520C8D1C2199A1D800483AD9 /* Frameworks */ = {
			isa = PBXFrameworksBuildPhase;
			buildActionMask = 2147483647;
			files = (
			);
			runOnlyForDeploymentPostprocessing = 0;
		};
		520C8D302199A1DA00483AD9 /* Frameworks */ = {
			isa = PBXFrameworksBuildPhase;
			buildActionMask = 2147483647;
			files = (
			);
			runOnlyForDeploymentPostprocessing = 0;
		};
		520C8D3B2199A1DA00483AD9 /* Frameworks */ = {
			isa = PBXFrameworksBuildPhase;
			buildActionMask = 2147483647;
			files = (
			);
			runOnlyForDeploymentPostprocessing = 0;
		};
/* End PBXFrameworksBuildPhase section */

/* Begin PBXGroup section */
		520C8D162199A1D800483AD9 = {
			isa = PBXGroup;
			children = (
				520C8D212199A1D800483AD9 /* HecaTwe */,
				520C8D362199A1DA00483AD9 /* HecaTweTests */,
				520C8D412199A1DA00483AD9 /* HecaTweUITests */,
				520C8D202199A1D800483AD9 /* Products */,
			);
			sourceTree = "<group>";
		};
		520C8D202199A1D800483AD9 /* Products */ = {
			isa = PBXGroup;
			children = (
				520C8D1F2199A1D800483AD9 /* HecaTwe.app */,
				520C8D332199A1DA00483AD9 /* HecaTweTests.xctest */,
				520C8D3E2199A1DA00483AD9 /* HecaTweUITests.xctest */,
			);
			name = Products;
			sourceTree = "<group>";
		};
		520C8D212199A1D800483AD9 /* HecaTwe */ = {
			isa = PBXGroup;
			children = (
				520C8D222199A1D800483AD9 /* AppDelegate.swift */,
				520C8D242199A1D800483AD9 /* ViewController.swift */,
				520C8D262199A1D800483AD9 /* Main.storyboard */,
				520C8D292199A1DA00483AD9 /* Assets.xcassets */,
				520C8D2B2199A1DA00483AD9 /* LaunchScreen.storyboard */,
				520C8D2E2199A1DA00483AD9 /* Info.plist */,
			);
			path = HecaTwe;
			sourceTree = "<group>";
		};
		520C8D362199A1DA00483AD9 /* HecaTweTests */ = {
			isa = PBXGroup;
			children = (
				520C8D372199A1DA00483AD9 /* HecaTweTests.swift */,
				520C8D392199A1DA00483AD9 /* Info.plist */,
			);
			path = HecaTweTests;
			sourceTree = "<group>";
		};
		520C8D412199A1DA00483AD9 /* HecaTweUITests */ = {
			isa = PBXGroup;
			children = (
				520C8D422199A1DA00483AD9 /* HecaTweUITests.swift */,
				520C8D442199A1DA00483AD9 /* Info.plist */,
			);
			path = HecaTweUITests;
			sourceTree = "<group>";
		};
/* End PBXGroup section */

/* Begin PBXNativeTarget section */
		520C8D1E2199A1D800483AD9 /* HecaTwe */ = {
			isa = PBXNativeTarget;
			buildConfigurationList = 520C8D472199A1DB00483AD9 /* Build configuration list for PBXNativeTarget "HecaTwe" */;
			buildPhases = (
				520C8D1B2199A1D800483AD9 /* Sources */,
				520C8D1C2199A1D800483AD9 /* Frameworks */,
				520C8D1D2199A1D800483AD9 /* Resources */,
			);
			buildRules = (
			);
			dependencies = (
			);
			name = HecaTwe;
			productName = HecaTwe;
			productReference = 520C8D1F2199A1D800483AD9 /* HecaTwe.app */;
			productType = "com.apple.product-type.application";
		};
		520C8D322199A1DA00483AD9 /* HecaTweTests */ = {
			isa = PBXNativeTarget;
			buildConfigurationList = 520C8D4A2199A1DB00483AD9 /* Build configuration list for PBXNativeTarget "HecaTweTests" */;
			buildPhases = (
				520C8D2F2199A1DA00483AD9 /* Sources */,
				520C8D302199A1DA00483AD9 /* Frameworks */,
				520C8D312199A1DA00483AD9 /* Resources */,
			);
			buildRules = (
			);
			dependencies = (
				520C8D352199A1DA00483AD9 /* PBXTargetDependency */,
			);
			name = HecaTweTests;
			productName = HecaTweTests;
			productReference = 520C8D332199A1DA00483AD9 /* HecaTweTests.xctest */;
			productType = "com.apple.product-type.bundle.unit-test";
		};
		520C8D3D2199A1DA00483AD9 /* HecaTweUITests */ = {
			isa = PBXNativeTarget;
			buildConfigurationList = 520C8D4D2199A1DB00483AD9 /* Build configuration list for PBXNativeTarget "HecaTweUITests" */;
			buildPhases = (
				520C8D3A2199A1DA00483AD9 /* Sources */,
				520C8D3B2199A1DA00483AD9 /* Frameworks */,
				520C8D3C2199A1DA00483AD9 /* Resources */,
			);
			buildRules = (
			);
			dependencies = (
				520C8D402199A1DA00483AD9 /* PBXTargetDependency */,
			);
			name = HecaTweUITests;
			productName = HecaTweUITests;
			productReference = 520C8D3E2199A1DA00483AD9 /* HecaTweUITests.xctest */;
			productType = "com.apple.product-type.bundle.ui-testing";
		};
/* End PBXNativeTarget section */

/* Begin PBXProject section */
		520C8D172199A1D800483AD9 /* Project object */ = {
			isa = PBXProject;
			attributes = {
				LastSwiftUpdateCheck = 1010;
				LastUpgradeCheck = 1010;
				ORGANIZATIONNAME = ymgn;
				TargetAttributes = {
					520C8D1E2199A1D800483AD9 = {
						CreatedOnToolsVersion = 10.1;
					};
					520C8D322199A1DA00483AD9 = {
						CreatedOnToolsVersion = 10.1;
						TestTargetID = 520C8D1E2199A1D800483AD9;
					};
					520C8D3D2199A1DA00483AD9 = {
						CreatedOnToolsVersion = 10.1;
						TestTargetID = 520C8D1E2199A1D800483AD9;
					};
				};
			};
			buildConfigurationList = 520C8D1A2199A1D800483AD9 /* Build configuration list for PBXProject "HecaTwe" */;
			compatibilityVersion = "Xcode 9.3";
			developmentRegion = en;
			hasScannedForEncodings = 0;
			knownRegions = (
				en,
				Base,
			);
			mainGroup = 520C8D162199A1D800483AD9;
			productRefGroup = 520C8D202199A1D800483AD9 /* Products */;
			projectDirPath = "";
			projectRoot = "";
			targets = (
				520C8D1E2199A1D800483AD9 /* HecaTwe */,
				520C8D322199A1DA00483AD9 /* HecaTweTests */,
				520C8D3D2199A1DA00483AD9 /* HecaTweUITests */,
			);
		};
/* End PBXProject section */

/* Begin PBXResourcesBuildPhase section */
		520C8D1D2199A1D800483AD9 /* Resources */ = {
			isa = PBXResourcesBuildPhase;
			buildActionMask = 2147483647;
			files = (
				520C8D2D2199A1DA00483AD9 /* LaunchScreen.storyboard in Resources */,
				520C8D2A2199A1DA00483AD9 /* Assets.xcassets in Resources */,
				520C8D282199A1D800483AD9 /* Main.storyboard in Resources */,
			);
			runOnlyForDeploymentPostprocessing = 0;
		};
		520C8D312199A1DA00483AD9 /* Resources */ = {
			isa = PBXResourcesBuildPhase;
			buildActionMask = 2147483647;
			files = (
			);
			runOnlyForDeploymentPostprocessing = 0;
		};
		520C8D3C2199A1DA00483AD9 /* Resources */ = {
			isa = PBXResourcesBuildPhase;
			buildActionMask = 2147483647;
			files = (
			);
			runOnlyForDeploymentPostprocessing = 0;
		};
/* End PBXResourcesBuildPhase section */

/* Begin PBXSourcesBuildPhase section */
		520C8D1B2199A1D800483AD9 /* Sources */ = {
			isa = PBXSourcesBuildPhase;
			buildActionMask = 2147483647;
			files = (
				520C8D252199A1D800483AD9 /* ViewController.swift in Sources */,
				520C8D232199A1D800483AD9 /* AppDelegate.swift in Sources */,
			);
			runOnlyForDeploymentPostprocessing = 0;
		};
		520C8D2F2199A1DA00483AD9 /* Sources */ = {
			isa = PBXSourcesBuildPhase;
			buildActionMask = 2147483647;
			files = (
				520C8D382199A1DA00483AD9 /* HecaTweTests.swift in Sources */,
			);
			runOnlyForDeploymentPostprocessing = 0;
		};
		520C8D3A2199A1DA00483AD9 /* Sources */ = {
			isa = PBXSourcesBuildPhase;
			buildActionMask = 2147483647;
			files = (
				520C8D432199A1DA00483AD9 /* HecaTweUITests.swift in Sources */,
			);
			runOnlyForDeploymentPostprocessing = 0;
		};
/* End PBXSourcesBuildPhase section */

/* Begin PBXTargetDependency section */
		520C8D352199A1DA00483AD9 /* PBXTargetDependency */ = {
			isa = PBXTargetDependency;
			target = 520C8D1E2199A1D800483AD9 /* HecaTwe */;
			targetProxy = 520C8D342199A1DA00483AD9 /* PBXContainerItemProxy */;
		};
		520C8D402199A1DA00483AD9 /* PBXTargetDependency */ = {
			isa = PBXTargetDependency;
			target = 520C8D1E2199A1D800483AD9 /* HecaTwe */;
			targetProxy = 520C8D3F2199A1DA00483AD9 /* PBXContainerItemProxy */;
		};
/* End PBXTargetDependency section */

/* Begin PBXVariantGroup section */
		520C8D262199A1D800483AD9 /* Main.storyboard */ = {
			isa = PBXVariantGroup;
			children = (
				520C8D272199A1D800483AD9 /* Base */,
			);
			name = Main.storyboard;
			sourceTree = "<group>";
		};
		520C8D2B2199A1DA00483AD9 /* LaunchScreen.storyboard */ = {
			isa = PBXVariantGroup;
			children = (
				520C8D2C2199A1DA00483AD9 /* Base */,
			);
			name = LaunchScreen.storyboard;
			sourceTree = "<group>";
		};
/* End PBXVariantGroup section */

/* Begin XCBuildConfiguration section */
		520C8D452199A1DB00483AD9 /* Debug */ = {
			isa = XCBuildConfiguration;
			buildSettings = {
				ALWAYS_SEARCH_USER_PATHS = NO;
				CLANG_ANALYZER_NONNULL = YES;
				CLANG_ANALYZER_NUMBER_OBJECT_CONVERSION = YES_AGGRESSIVE;
				CLANG_CXX_LANGUAGE_STANDARD = "gnu++14";
				CLANG_CXX_LIBRARY = "libc++";
				CLANG_ENABLE_MODULES = YES;
				CLANG_ENABLE_OBJC_ARC = YES;
				CLANG_ENABLE_OBJC_WEAK = YES;
				CLANG_WARN_BLOCK_CAPTURE_AUTORELEASING = YES;
				CLANG_WARN_BOOL_CONVERSION = YES;
				CLANG_WARN_COMMA = YES;
				CLANG_WARN_CONSTANT_CONVERSION = YES;
				CLANG_WARN_DEPRECATED_OBJC_IMPLEMENTATIONS = YES;
				CLANG_WARN_DIRECT_OBJC_ISA_USAGE = YES_ERROR;
				CLANG_WARN_DOCUMENTATION_COMMENTS = YES;
				CLANG_WARN_EMPTY_BODY = YES;
				CLANG_WARN_ENUM_CONVERSION = YES;
				CLANG_WARN_INFINITE_RECURSION = YES;
				CLANG_WARN_INT_CONVERSION = YES;
				CLANG_WARN_NON_LITERAL_NULL_CONVERSION = YES;
				CLANG_WARN_OBJC_IMPLICIT_RETAIN_SELF = YES;
				CLANG_WARN_OBJC_LITERAL_CONVERSION = YES;
				CLANG_WARN_OBJC_ROOT_CLASS = YES_ERROR;
				CLANG_WARN_RANGE_LOOP_ANALYSIS = YES;
				CLANG_WARN_STRICT_PROTOTYPES = YES;
				CLANG_WARN_SUSPICIOUS_MOVE = YES;
				CLANG_WARN_UNGUARDED_AVAILABILITY = YES_AGGRESSIVE;
				CLANG_WARN_UNREACHABLE_CODE = YES;
				CLANG_WARN__DUPLICATE_METHOD_MATCH = YES;
				CODE_SIGN_IDENTITY = "iPhone Developer";
				COPY_PHASE_STRIP = NO;
				DEBUG_INFORMATION_FORMAT = dwarf;
				ENABLE_STRICT_OBJC_MSGSEND = YES;
				ENABLE_TESTABILITY = YES;
				GCC_C_LANGUAGE_STANDARD = gnu11;
				GCC_DYNAMIC_NO_PIC = NO;
				GCC_NO_COMMON_BLOCKS = YES;
				GCC_OPTIMIZATION_LEVEL = 0;
				GCC_PREPROCESSOR_DEFINITIONS = (
					"DEBUG=1",
					"$(inherited)",
				);
				GCC_WARN_64_TO_32_BIT_CONVERSION = YES;
				GCC_WARN_ABOUT_RETURN_TYPE = YES_ERROR;
				GCC_WARN_UNDECLARED_SELECTOR = YES;
				GCC_WARN_UNINITIALIZED_AUTOS = YES_AGGRESSIVE;
				GCC_WARN_UNUSED_FUNCTION = YES;
				GCC_WARN_UNUSED_VARIABLE = YES;
				IPHONEOS_DEPLOYMENT_TARGET = 12.1;
				MTL_ENABLE_DEBUG_INFO = INCLUDE_SOURCE;
				MTL_FAST_MATH = YES;
				ONLY_ACTIVE_ARCH = YES;
				SDKROOT = iphoneos;
				SWIFT_ACTIVE_COMPILATION_CONDITIONS = DEBUG;
				SWIFT_OPTIMIZATION_LEVEL = "-Onone";
			};
			name = Debug;
		};
		520C8D462199A1DB00483AD9 /* Release */ = {
			isa = XCBuildConfiguration;
			buildSettings = {
				ALWAYS_SEARCH_USER_PATHS = NO;
				CLANG_ANALYZER_NONNULL = YES;
				CLANG_ANALYZER_NUMBER_OBJECT_CONVERSION = YES_AGGRESSIVE;
				CLANG_CXX_LANGUAGE_STANDARD = "gnu++14";
				CLANG_CXX_LIBRARY = "libc++";
				CLANG_ENABLE_MODULES = YES;
				CLANG_ENABLE_OBJC_ARC = YES;
				CLANG_ENABLE_OBJC_WEAK = YES;
				CLANG_WARN_BLOCK_CAPTURE_AUTORELEASING = YES;
				CLANG_WARN_BOOL_CONVERSION = YES;
				CLANG_WARN_COMMA = YES;
				CLANG_WARN_CONSTANT_CONVERSION = YES;
				CLANG_WARN_DEPRECATED_OBJC_IMPLEMENTATIONS = YES;
				CLANG_WARN_DIRECT_OBJC_ISA_USAGE = YES_ERROR;
				CLANG_WARN_DOCUMENTATION_COMMENTS = YES;
				CLANG_WARN_EMPTY_BODY = YES;
				CLANG_WARN_ENUM_CONVERSION = YES;
				CLANG_WARN_INFINITE_RECURSION = YES;
				CLANG_WARN_INT_CONVERSION = YES;
				CLANG_WARN_NON_LITERAL_NULL_CONVERSION = YES;
				CLANG_WARN_OBJC_IMPLICIT_RETAIN_SELF = YES;
				CLANG_WARN_OBJC_LITERAL_CONVERSION = YES;
				CLANG_WARN_OBJC_ROOT_CLASS = YES_ERROR;
				CLANG_WARN_RANGE_LOOP_ANALYSIS = YES;
				CLANG_WARN_STRICT_PROTOTYPES = YES;
				CLANG_WARN_SUSPICIOUS_MOVE = YES;
				CLANG_WARN_UNGUARDED_AVAILABILITY = YES_AGGRESSIVE;
				CLANG_WARN_UNREACHABLE_CODE = YES;
				CLANG_WARN__DUPLICATE_METHOD_MATCH = YES;
				CODE_SIGN_IDENTITY = "iPhone Developer";
				COPY_PHASE_STRIP = NO;
				DEBUG_INFORMATION_FORMAT = "dwarf-with-dsym";
				ENABLE_NS_ASSERTIONS = NO;
				ENABLE_STRICT_OBJC_MSGSEND = YES;
				GCC_C_LANGUAGE_STANDARD = gnu11;
				GCC_NO_COMMON_BLOCKS = YES;
				GCC_WARN_64_TO_32_BIT_CONVERSION = YES;
				GCC_WARN_ABOUT_RETURN_TYPE = YES_ERROR;
				GCC_WARN_UNDECLARED_SELECTOR = YES;
				GCC_WARN_UNINITIALIZED_AUTOS = YES_AGGRESSIVE;
				GCC_WARN_UNUSED_FUNCTION = YES;
				GCC_WARN_UNUSED_VARIABLE = YES;
				IPHONEOS_DEPLOYMENT_TARGET = 12.1;
				MTL_ENABLE_DEBUG_INFO = NO;
				MTL_FAST_MATH = YES;
				SDKROOT = iphoneos;
				SWIFT_COMPILATION_MODE = wholemodule;
				SWIFT_OPTIMIZATION_LEVEL = "-O";
				VALIDATE_PRODUCT = YES;
			};
			name = Release;
		};
		520C8D482199A1DB00483AD9 /* Debug */ = {
			isa = XCBuildConfiguration;
			buildSettings = {
				ASSETCATALOG_COMPILER_APPICON_NAME = AppIcon;
				CODE_SIGN_STYLE = Automatic;
				DEVELOPMENT_TEAM = Z23YQJ49WW;
				INFOPLIST_FILE = HecaTwe/Info.plist;
				LD_RUNPATH_SEARCH_PATHS = (
					"$(inherited)",
					"@executable_path/Frameworks",
				);
				PRODUCT_BUNDLE_IDENTIFIER = com.ymgn.HecaTwe;
				PRODUCT_NAME = "$(TARGET_NAME)";
				SWIFT_VERSION = 4.2;
				TARGETED_DEVICE_FAMILY = "1,2";
			};
			name = Debug;
		};
		520C8D492199A1DB00483AD9 /* Release */ = {
			isa = XCBuildConfiguration;
			buildSettings = {
				ASSETCATALOG_COMPILER_APPICON_NAME = AppIcon;
				CODE_SIGN_STYLE = Automatic;
				DEVELOPMENT_TEAM = Z23YQJ49WW;
				INFOPLIST_FILE = HecaTwe/Info.plist;
				LD_RUNPATH_SEARCH_PATHS = (
					"$(inherited)",
					"@executable_path/Frameworks",
				);
				PRODUCT_BUNDLE_IDENTIFIER = com.ymgn.HecaTwe;
				PRODUCT_NAME = "$(TARGET_NAME)";
				SWIFT_VERSION = 4.2;
				TARGETED_DEVICE_FAMILY = "1,2";
			};
			name = Release;
		};
		520C8D4B2199A1DB00483AD9 /* Debug */ = {
			isa = XCBuildConfiguration;
			buildSettings = {
				ALWAYS_EMBED_SWIFT_STANDARD_LIBRARIES = YES;
				BUNDLE_LOADER = "$(TEST_HOST)";
				CODE_SIGN_STYLE = Automatic;
				DEVELOPMENT_TEAM = Z23YQJ49WW;
				INFOPLIST_FILE = HecaTweTests/Info.plist;
				LD_RUNPATH_SEARCH_PATHS = (
					"$(inherited)",
					"@executable_path/Frameworks",
					"@loader_path/Frameworks",
				);
				PRODUCT_BUNDLE_IDENTIFIER = com.ymgn.HecaTweTests;
				PRODUCT_NAME = "$(TARGET_NAME)";
				SWIFT_VERSION = 4.2;
				TARGETED_DEVICE_FAMILY = "1,2";
				TEST_HOST = "$(BUILT_PRODUCTS_DIR)/HecaTwe.app/HecaTwe";
			};
			name = Debug;
		};
		520C8D4C2199A1DB00483AD9 /* Release */ = {
			isa = XCBuildConfiguration;
			buildSettings = {
				ALWAYS_EMBED_SWIFT_STANDARD_LIBRARIES = YES;
				BUNDLE_LOADER = "$(TEST_HOST)";
				CODE_SIGN_STYLE = Automatic;
				DEVELOPMENT_TEAM = Z23YQJ49WW;
				INFOPLIST_FILE = HecaTweTests/Info.plist;
				LD_RUNPATH_SEARCH_PATHS = (
					"$(inherited)",
					"@executable_path/Frameworks",
					"@loader_path/Frameworks",
				);
				PRODUCT_BUNDLE_IDENTIFIER = com.ymgn.HecaTweTests;
				PRODUCT_NAME = "$(TARGET_NAME)";
				SWIFT_VERSION = 4.2;
				TARGETED_DEVICE_FAMILY = "1,2";
				TEST_HOST = "$(BUILT_PRODUCTS_DIR)/HecaTwe.app/HecaTwe";
			};
			name = Release;
		};
		520C8D4E2199A1DB00483AD9 /* Debug */ = {
			isa = XCBuildConfiguration;
			buildSettings = {
				ALWAYS_EMBED_SWIFT_STANDARD_LIBRARIES = YES;
				CODE_SIGN_STYLE = Automatic;
				DEVELOPMENT_TEAM = Z23YQJ49WW;
				INFOPLIST_FILE = HecaTweUITests/Info.plist;
				LD_RUNPATH_SEARCH_PATHS = (
					"$(inherited)",
					"@executable_path/Frameworks",
					"@loader_path/Frameworks",
				);
				PRODUCT_BUNDLE_IDENTIFIER = com.ymgn.HecaTweUITests;
				PRODUCT_NAME = "$(TARGET_NAME)";
				SWIFT_VERSION = 4.2;
				TARGETED_DEVICE_FAMILY = "1,2";
				TEST_TARGET_NAME = HecaTwe;
			};
			name = Debug;
		};
		520C8D4F2199A1DB00483AD9 /* Release */ = {
			isa = XCBuildConfiguration;
			buildSettings = {
				ALWAYS_EMBED_SWIFT_STANDARD_LIBRARIES = YES;
				CODE_SIGN_STYLE = Automatic;
				DEVELOPMENT_TEAM = Z23YQJ49WW;
				INFOPLIST_FILE = HecaTweUITests/Info.plist;
				LD_RUNPATH_SEARCH_PATHS = (
					"$(inherited)",
					"@executable_path/Frameworks",
					"@loader_path/Frameworks",
				);
				PRODUCT_BUNDLE_IDENTIFIER = com.ymgn.HecaTweUITests;
				PRODUCT_NAME = "$(TARGET_NAME)";
				SWIFT_VERSION = 4.2;
				TARGETED_DEVICE_FAMILY = "1,2";
				TEST_TARGET_NAME = HecaTwe;
			};
			name = Release;
		};
/* End XCBuildConfiguration section */

/* Begin XCConfigurationList section */
		520C8D1A2199A1D800483AD9 /* Build configuration list for PBXProject "HecaTwe" */ = {
			isa = XCConfigurationList;
			buildConfigurations = (
				520C8D452199A1DB00483AD9 /* Debug */,
				520C8D462199A1DB00483AD9 /* Release */,
			);
			defaultConfigurationIsVisible = 0;
			defaultConfigurationName = Release;
		};
		520C8D472199A1DB00483AD9 /* Build configuration list for PBXNativeTarget "HecaTwe" */ = {
			isa = XCConfigurationList;
			buildConfigurations = (
				520C8D482199A1DB00483AD9 /* Debug */,
				520C8D492199A1DB00483AD9 /* Release */,
			);
			defaultConfigurationIsVisible = 0;
			defaultConfigurationName = Release;
		};
		520C8D4A2199A1DB00483AD9 /* Build configuration list for PBXNativeTarget "HecaTweTests" */ = {
			isa = XCConfigurationList;
			buildConfigurations = (
				520C8D4B2199A1DB00483AD9 /* Debug */,
				520C8D4C2199A1DB00483AD9 /* Release */,
			);
			defaultConfigurationIsVisible = 0;
			defaultConfigurationName = Release;
		};
		520C8D4D2199A1DB00483AD9 /* Build configuration list for PBXNativeTarget "HecaTweUITests" */ = {
			isa = XCConfigurationList;
			buildConfigurations = (
				520C8D4E2199A1DB00483AD9 /* Debug */,
				520C8D4F2199A1DB00483AD9 /* Release */,
			);
			defaultConfigurationIsVisible = 0;
			defaultConfigurationName = Release;
		};
/* End XCConfigurationList section */
	};
	rootObject = 520C8D172199A1D800483AD9 /* Project object */;
}
